
Microsoft Visual Studio Solution File, Format Version 12.00
# Visual Studio Version 17
VisualStudioVersion = 17.11.35327.3
MinimumVisualStudioVersion = 10.0.40219.1
Project("{FAE04EC0-301F-11D3-BF4B-00C04F79EFBC}") = "zadanie Antka", "zadanie Antka.csproj", "{49175D49-F099-412E-8FF5-FA465CED2E02}"
EndProject
Global
	GlobalSection(SolutionConfigurationPlatforms) = preSolution
		Debug|Any CPU = Debug|Any CPU
		Release|Any CPU = Release|Any CPU
	EndGlobalSection
	GlobalSection(ProjectConfigurationPlatforms) = postSolution
		{49175D49-F099-412E-8FF5-FA465CED2E02}.Debug|Any CPU.ActiveCfg = Debug|Any CPU
		{49175D49-F099-412E-8FF5-FA465CED2E02}.Debug|Any CPU.Build.0 = Debug|Any CPU
		{49175D49-F099-412E-8FF5-FA465CED2E02}.Release|Any CPU.ActiveCfg = Release|Any CPU
		{49175D49-F099-412E-8FF5-FA465CED2E02}.Release|Any CPU.Build.0 = Release|Any CPU
	EndGlobalSection
	GlobalSection(SolutionProperties) = preSolution
		HideSolutionNode = FALSE
	EndGlobalSection
	GlobalSection(ExtensibilityGlobals) = postSolution
		SolutionGuid = {08A57D04-5174-4FBD-88A0-343343D05654}
	EndGlobalSection
EndGlobal
